
Microsoft Visual Studio Solution File, Format Version 12.00
# Visual Studio Version 17
VisualStudioVersion = 17.14.36414.22 d17.14
MinimumVisualStudioVersion = 10.0.40219.1
Project("{FAE04EC0-301F-11D3-BF4B-00C04F79EFBC}") = "WinFormsApp1", "WinFormsApp1\WinFormsApp1.csproj", "{0701C213-3970-4F61-AC9D-F16A0ECFBE8A}"
EndProject
Global
	GlobalSection(SolutionConfigurationPlatforms) = preSolution
		Debug|Any CPU = Debug|Any CPU
		Release|Any CPU = Release|Any CPU
	EndGlobalSection
	GlobalSection(ProjectConfigurationPlatforms) = postSolution
		{0701C213-3970-4F61-AC9D-F16A0ECFBE8A}.Debug|Any CPU.ActiveCfg = Debug|Any CPU
		{0701C213-3970-4F61-AC9D-F16A0ECFBE8A}.Debug|Any CPU.Build.0 = Debug|Any CPU
		{0701C213-3970-4F61-AC9D-F16A0ECFBE8A}.Release|Any CPU.ActiveCfg = Release|Any CPU
		{0701C213-3970-4F61-AC9D-F16A0ECFBE8A}.Release|Any CPU.Build.0 = Release|Any CPU
	EndGlobalSection
	GlobalSection(SolutionProperties) = preSolution
		HideSolutionNode = FALSE
	EndGlobalSection
	GlobalSection(ExtensibilityGlobals) = postSolution
		SolutionGuid = {143B7CE5-C4EB-4686-B779-09D25B27E9BB}
	EndGlobalSection
EndGlobal
